{
  "originHash" : "d38b129efaad2cda76b0080f038ac3c0a6893e40797f9d60884f45c41215c694",
  "pins" : [
    {
      "identity" : "chesskit-engine",
      "kind" : "remoteSourceControl",
      "location" : "https://github.com/chesskit-app/chesskit-engine",
      "state" : {
        "revision" : "a2b47697e5f90418623a1e06c58fd36cd3289fca",
        "version" : "0.7.0"
      }
    },
    {
      "identity" : "chesskit-swift",
      "kind" : "remoteSourceControl",
      "location" : "https://github.com/chesskit-app/chesskit-swift",
      "state" : {
        "revision" : "44ef7a1aa9da25bf0a9606a8960591a4dde3fad2",
        "version" : "0.17.0"
      }
    }
  ],
  "version" : 3
}
